
Microsoft Visual Studio Solution File, Format Version 12.00
# Visual Studio Version 16
VisualStudioVersion = 16.0.29806.167
MinimumVisualStudioVersion = 10.0.40219.1
Project("{9A19103F-16F7-4668-BE54-9A1E7A4F7556}") = "Challenge the Wedding", "Challenge the Wedding\Challenge the Wedding.csproj", "{9866F7C6-9882-455B-9AC2-1DC698966136}"
EndProject
Project("{FAE04EC0-301F-11D3-BF4B-00C04F79EFBC}") = "HappyCat Parking", "HappyCat Parking\HappyCat Parking.csproj", "{1B419745-83A2-4857-B408-A92487EF455D}"
EndProject
Global
	GlobalSection(SolutionConfigurationPlatforms) = preSolution
		Debug|Any CPU = Debug|Any CPU
		Release|Any CPU = Release|Any CPU
	EndGlobalSection
	GlobalSection(ProjectConfigurationPlatforms) = postSolution
		{9866F7C6-9882-455B-9AC2-1DC698966136}.Debug|Any CPU.ActiveCfg = Debug|Any CPU
		{9866F7C6-9882-455B-9AC2-1DC698966136}.Debug|Any CPU.Build.0 = Debug|Any CPU
		{9866F7C6-9882-455B-9AC2-1DC698966136}.Release|Any CPU.ActiveCfg = Release|Any CPU
		{9866F7C6-9882-455B-9AC2-1DC698966136}.Release|Any CPU.Build.0 = Release|Any CPU
		{1B419745-83A2-4857-B408-A92487EF455D}.Debug|Any CPU.ActiveCfg = Debug|Any CPU
		{1B419745-83A2-4857-B408-A92487EF455D}.Debug|Any CPU.Build.0 = Debug|Any CPU
		{1B419745-83A2-4857-B408-A92487EF455D}.Release|Any CPU.ActiveCfg = Release|Any CPU
		{1B419745-83A2-4857-B408-A92487EF455D}.Release|Any CPU.Build.0 = Release|Any CPU
	EndGlobalSection
	GlobalSection(SolutionProperties) = preSolution
		HideSolutionNode = FALSE
	EndGlobalSection
	GlobalSection(ExtensibilityGlobals) = postSolution
		SolutionGuid = {114E8D0F-DF3C-4D9D-8D85-D0710EDE1970}
	EndGlobalSection
EndGlobal
