
Microsoft Visual Studio Solution File, Format Version 12.00
# Visual Studio Version 16
VisualStudioVersion = 16.0.29806.167
MinimumVisualStudioVersion = 10.0.40219.1
Project("{9A19103F-16F7-4668-BE54-9A1E7A4F7556}") = "Dishwasher", "Dishwasher\Dishwasher.csproj", "{2BE99C8F-2039-44AA-9B85-130B280DF761}"
EndProject
Project("{9A19103F-16F7-4668-BE54-9A1E7A4F7556}") = "Report System", "Report System\Report System.csproj", "{55F2E77E-5D1D-42B6-958E-ADA9493BE07E}"
EndProject
Project("{FAE04EC0-301F-11D3-BF4B-00C04F79EFBC}") = "Stream Of Letters", "Stream Of Letters\Stream Of Letters.csproj", "{60AC14C2-2D91-486D-865D-5F1FB8BB767C}"
EndProject
Global
	GlobalSection(SolutionConfigurationPlatforms) = preSolution
		Debug|Any CPU = Debug|Any CPU
		Release|Any CPU = Release|Any CPU
	EndGlobalSection
	GlobalSection(ProjectConfigurationPlatforms) = postSolution
		{2BE99C8F-2039-44AA-9B85-130B280DF761}.Debug|Any CPU.ActiveCfg = Debug|Any CPU
		{2BE99C8F-2039-44AA-9B85-130B280DF761}.Debug|Any CPU.Build.0 = Debug|Any CPU
		{2BE99C8F-2039-44AA-9B85-130B280DF761}.Release|Any CPU.ActiveCfg = Release|Any CPU
		{2BE99C8F-2039-44AA-9B85-130B280DF761}.Release|Any CPU.Build.0 = Release|Any CPU
		{55F2E77E-5D1D-42B6-958E-ADA9493BE07E}.Debug|Any CPU.ActiveCfg = Debug|Any CPU
		{55F2E77E-5D1D-42B6-958E-ADA9493BE07E}.Debug|Any CPU.Build.0 = Debug|Any CPU
		{55F2E77E-5D1D-42B6-958E-ADA9493BE07E}.Release|Any CPU.ActiveCfg = Release|Any CPU
		{55F2E77E-5D1D-42B6-958E-ADA9493BE07E}.Release|Any CPU.Build.0 = Release|Any CPU
		{60AC14C2-2D91-486D-865D-5F1FB8BB767C}.Debug|Any CPU.ActiveCfg = Debug|Any CPU
		{60AC14C2-2D91-486D-865D-5F1FB8BB767C}.Debug|Any CPU.Build.0 = Debug|Any CPU
		{60AC14C2-2D91-486D-865D-5F1FB8BB767C}.Release|Any CPU.ActiveCfg = Release|Any CPU
		{60AC14C2-2D91-486D-865D-5F1FB8BB767C}.Release|Any CPU.Build.0 = Release|Any CPU
	EndGlobalSection
	GlobalSection(SolutionProperties) = preSolution
		HideSolutionNode = FALSE
	EndGlobalSection
	GlobalSection(ExtensibilityGlobals) = postSolution
		SolutionGuid = {167FE023-1F99-44E8-A2A6-BB96B2AD8D87}
	EndGlobalSection
EndGlobal
