
Microsoft Visual Studio Solution File, Format Version 12.00
# Visual Studio Version 16
VisualStudioVersion = 16.0.29806.167
MinimumVisualStudioVersion = 10.0.40219.1
Project("{9A19103F-16F7-4668-BE54-9A1E7A4F7556}") = "Tennis equipment", "Tennis equipment\Tennis equipment.csproj", "{FC217131-90AE-4556-AB81-6ABADBFE64A7}"
EndProject
Project("{9A19103F-16F7-4668-BE54-9A1E7A4F7556}") = "Skeleton", "Skeleton\Skeleton.csproj", "{E17C1264-6D80-4F56-8EE2-924387885631}"
EndProject
Project("{9A19103F-16F7-4668-BE54-9A1E7A4F7556}") = "Gymnastics", "Gymnastics\Gymnastics.csproj", "{CE1F1F53-A863-45FD-87B4-D1C7756FDBB7}"
EndProject
Project("{9A19103F-16F7-4668-BE54-9A1E7A4F7556}") = "World Snooker Championship", "World Snooker Championship\World Snooker Championship.csproj", "{8C691980-568B-4398-ADB7-03FC918997BF}"
EndProject
Project("{9A19103F-16F7-4668-BE54-9A1E7A4F7556}") = "Game Number Wars", "Game Number Wars\Game Number Wars.csproj", "{5910F701-A5C1-400F-85BE-6A534B533286}"
EndProject
Project("{9A19103F-16F7-4668-BE54-9A1E7A4F7556}") = "Tennis Ranklist", "Tennis Ranklist\Tennis Ranklist.csproj", "{FBA445A0-BF50-482A-8EA6-1ED988D554BC}"
EndProject
Project("{9A19103F-16F7-4668-BE54-9A1E7A4F7556}") = "Darts", "Darts\Darts.csproj", "{15A3EAA4-54CF-4ED8-8518-DE609DA1C83C}"
EndProject
Project("{9A19103F-16F7-4668-BE54-9A1E7A4F7556}") = "Fitness Center", "Fitness Center\Fitness Center.csproj", "{9CBBC198-5F83-422E-98E6-B0BD39C36936}"
EndProject
Project("{9A19103F-16F7-4668-BE54-9A1E7A4F7556}") = "High Jump", "High Jump\High Jump.csproj", "{C011AF5B-15A5-439B-9AB8-E26CE3CBA5CF}"
EndProject
Project("{FAE04EC0-301F-11D3-BF4B-00C04F79EFBC}") = "Basketball Tournament", "Basketball Tournament\Basketball Tournament.csproj", "{53B0EBAF-34F1-4026-95D4-1D2CEA15122A}"
EndProject
Global
	GlobalSection(SolutionConfigurationPlatforms) = preSolution
		Debug|Any CPU = Debug|Any CPU
		Release|Any CPU = Release|Any CPU
	EndGlobalSection
	GlobalSection(ProjectConfigurationPlatforms) = postSolution
		{FC217131-90AE-4556-AB81-6ABADBFE64A7}.Debug|Any CPU.ActiveCfg = Debug|Any CPU
		{FC217131-90AE-4556-AB81-6ABADBFE64A7}.Debug|Any CPU.Build.0 = Debug|Any CPU
		{FC217131-90AE-4556-AB81-6ABADBFE64A7}.Release|Any CPU.ActiveCfg = Release|Any CPU
		{FC217131-90AE-4556-AB81-6ABADBFE64A7}.Release|Any CPU.Build.0 = Release|Any CPU
		{E17C1264-6D80-4F56-8EE2-924387885631}.Debug|Any CPU.ActiveCfg = Debug|Any CPU
		{E17C1264-6D80-4F56-8EE2-924387885631}.Debug|Any CPU.Build.0 = Debug|Any CPU
		{E17C1264-6D80-4F56-8EE2-924387885631}.Release|Any CPU.ActiveCfg = Release|Any CPU
		{E17C1264-6D80-4F56-8EE2-924387885631}.Release|Any CPU.Build.0 = Release|Any CPU
		{CE1F1F53-A863-45FD-87B4-D1C7756FDBB7}.Debug|Any CPU.ActiveCfg = Debug|Any CPU
		{CE1F1F53-A863-45FD-87B4-D1C7756FDBB7}.Debug|Any CPU.Build.0 = Debug|Any CPU
		{CE1F1F53-A863-45FD-87B4-D1C7756FDBB7}.Release|Any CPU.ActiveCfg = Release|Any CPU
		{CE1F1F53-A863-45FD-87B4-D1C7756FDBB7}.Release|Any CPU.Build.0 = Release|Any CPU
		{8C691980-568B-4398-ADB7-03FC918997BF}.Debug|Any CPU.ActiveCfg = Debug|Any CPU
		{8C691980-568B-4398-ADB7-03FC918997BF}.Debug|Any CPU.Build.0 = Debug|Any CPU
		{8C691980-568B-4398-ADB7-03FC918997BF}.Release|Any CPU.ActiveCfg = Release|Any CPU
		{8C691980-568B-4398-ADB7-03FC918997BF}.Release|Any CPU.Build.0 = Release|Any CPU
		{5910F701-A5C1-400F-85BE-6A534B533286}.Debug|Any CPU.ActiveCfg = Debug|Any CPU
		{5910F701-A5C1-400F-85BE-6A534B533286}.Debug|Any CPU.Build.0 = Debug|Any CPU
		{5910F701-A5C1-400F-85BE-6A534B533286}.Release|Any CPU.ActiveCfg = Release|Any CPU
		{5910F701-A5C1-400F-85BE-6A534B533286}.Release|Any CPU.Build.0 = Release|Any CPU
		{FBA445A0-BF50-482A-8EA6-1ED988D554BC}.Debug|Any CPU.ActiveCfg = Debug|Any CPU
		{FBA445A0-BF50-482A-8EA6-1ED988D554BC}.Debug|Any CPU.Build.0 = Debug|Any CPU
		{FBA445A0-BF50-482A-8EA6-1ED988D554BC}.Release|Any CPU.ActiveCfg = Release|Any CPU
		{FBA445A0-BF50-482A-8EA6-1ED988D554BC}.Release|Any CPU.Build.0 = Release|Any CPU
		{15A3EAA4-54CF-4ED8-8518-DE609DA1C83C}.Debug|Any CPU.ActiveCfg = Debug|Any CPU
		{15A3EAA4-54CF-4ED8-8518-DE609DA1C83C}.Debug|Any CPU.Build.0 = Debug|Any CPU
		{15A3EAA4-54CF-4ED8-8518-DE609DA1C83C}.Release|Any CPU.ActiveCfg = Release|Any CPU
		{15A3EAA4-54CF-4ED8-8518-DE609DA1C83C}.Release|Any CPU.Build.0 = Release|Any CPU
		{9CBBC198-5F83-422E-98E6-B0BD39C36936}.Debug|Any CPU.ActiveCfg = Debug|Any CPU
		{9CBBC198-5F83-422E-98E6-B0BD39C36936}.Debug|Any CPU.Build.0 = Debug|Any CPU
		{9CBBC198-5F83-422E-98E6-B0BD39C36936}.Release|Any CPU.ActiveCfg = Release|Any CPU
		{9CBBC198-5F83-422E-98E6-B0BD39C36936}.Release|Any CPU.Build.0 = Release|Any CPU
		{C011AF5B-15A5-439B-9AB8-E26CE3CBA5CF}.Debug|Any CPU.ActiveCfg = Debug|Any CPU
		{C011AF5B-15A5-439B-9AB8-E26CE3CBA5CF}.Debug|Any CPU.Build.0 = Debug|Any CPU
		{C011AF5B-15A5-439B-9AB8-E26CE3CBA5CF}.Release|Any CPU.ActiveCfg = Release|Any CPU
		{C011AF5B-15A5-439B-9AB8-E26CE3CBA5CF}.Release|Any CPU.Build.0 = Release|Any CPU
		{53B0EBAF-34F1-4026-95D4-1D2CEA15122A}.Debug|Any CPU.ActiveCfg = Debug|Any CPU
		{53B0EBAF-34F1-4026-95D4-1D2CEA15122A}.Debug|Any CPU.Build.0 = Debug|Any CPU
		{53B0EBAF-34F1-4026-95D4-1D2CEA15122A}.Release|Any CPU.ActiveCfg = Release|Any CPU
		{53B0EBAF-34F1-4026-95D4-1D2CEA15122A}.Release|Any CPU.Build.0 = Release|Any CPU
	EndGlobalSection
	GlobalSection(SolutionProperties) = preSolution
		HideSolutionNode = FALSE
	EndGlobalSection
	GlobalSection(ExtensibilityGlobals) = postSolution
		SolutionGuid = {EEBE2BC5-90AC-4B29-9FDB-835814D39B05}
	EndGlobalSection
EndGlobal
