
Microsoft Visual Studio Solution File, Format Version 12.00
# Visual Studio 15
VisualStudioVersion = 15.0.28307.960
MinimumVisualStudioVersion = 10.0.40219.1
Project("{9A19103F-16F7-4668-BE54-9A1E7A4F7556}") = "Point on Rectangle Border", "Point on Rectangle Border\Point on Rectangle Border.csproj", "{C5918844-6E7A-464C-BFDA-96917CC370B5}"
EndProject
Project("{9A19103F-16F7-4668-BE54-9A1E7A4F7556}") = "Cinema", "Cinema\Cinema.csproj", "{001D6B8E-50A9-47E8-B4AE-0565D16B2D47}"
EndProject
Project("{9A19103F-16F7-4668-BE54-9A1E7A4F7556}") = "Summer Outfit", "Summer Outfit\Summer Outfit.csproj", "{ECEB606E-941A-49F9-9D36-654F98296B1F}"
EndProject
Project("{9A19103F-16F7-4668-BE54-9A1E7A4F7556}") = "New House", "New House\New House.csproj", "{28AF4F6F-2E86-4724-B729-A4856BEB0303}"
EndProject
Project("{9A19103F-16F7-4668-BE54-9A1E7A4F7556}") = "Fishing Boat", "Fishing Boat\Fishing Boat.csproj", "{516E6A5D-0CFD-4C29-893A-7B15ED1C1FD5}"
EndProject
Project("{9A19103F-16F7-4668-BE54-9A1E7A4F7556}") = "Journey", "Journey\Journey.csproj", "{2DEEAF1C-5F88-4C3C-9790-F2AD1366ECB4}"
EndProject
Project("{9A19103F-16F7-4668-BE54-9A1E7A4F7556}") = "Operations Between Numbers", "Operations Between Numbers\Operations Between Numbers.csproj", "{3BD58601-2AC9-4BFE-9572-214E9607438E}"
EndProject
Project("{9A19103F-16F7-4668-BE54-9A1E7A4F7556}") = "Hotel Room", "Hotel Room\Hotel Room.csproj", "{C01CC4D1-F52F-4F62-9D79-B649DEC17BA8}"
EndProject
Project("{FAE04EC0-301F-11D3-BF4B-00C04F79EFBC}") = "On Time for the Exam", "On Time for the Exam\On Time for the Exam.csproj", "{6DFC1BAE-5700-4FA2-85B1-3AF5BBB505C9}"
EndProject
Global
	GlobalSection(SolutionConfigurationPlatforms) = preSolution
		Debug|Any CPU = Debug|Any CPU
		Release|Any CPU = Release|Any CPU
	EndGlobalSection
	GlobalSection(ProjectConfigurationPlatforms) = postSolution
		{C5918844-6E7A-464C-BFDA-96917CC370B5}.Debug|Any CPU.ActiveCfg = Debug|Any CPU
		{C5918844-6E7A-464C-BFDA-96917CC370B5}.Debug|Any CPU.Build.0 = Debug|Any CPU
		{C5918844-6E7A-464C-BFDA-96917CC370B5}.Release|Any CPU.ActiveCfg = Release|Any CPU
		{C5918844-6E7A-464C-BFDA-96917CC370B5}.Release|Any CPU.Build.0 = Release|Any CPU
		{001D6B8E-50A9-47E8-B4AE-0565D16B2D47}.Debug|Any CPU.ActiveCfg = Debug|Any CPU
		{001D6B8E-50A9-47E8-B4AE-0565D16B2D47}.Debug|Any CPU.Build.0 = Debug|Any CPU
		{001D6B8E-50A9-47E8-B4AE-0565D16B2D47}.Release|Any CPU.ActiveCfg = Release|Any CPU
		{001D6B8E-50A9-47E8-B4AE-0565D16B2D47}.Release|Any CPU.Build.0 = Release|Any CPU
		{ECEB606E-941A-49F9-9D36-654F98296B1F}.Debug|Any CPU.ActiveCfg = Debug|Any CPU
		{ECEB606E-941A-49F9-9D36-654F98296B1F}.Debug|Any CPU.Build.0 = Debug|Any CPU
		{ECEB606E-941A-49F9-9D36-654F98296B1F}.Release|Any CPU.ActiveCfg = Release|Any CPU
		{ECEB606E-941A-49F9-9D36-654F98296B1F}.Release|Any CPU.Build.0 = Release|Any CPU
		{28AF4F6F-2E86-4724-B729-A4856BEB0303}.Debug|Any CPU.ActiveCfg = Debug|Any CPU
		{28AF4F6F-2E86-4724-B729-A4856BEB0303}.Debug|Any CPU.Build.0 = Debug|Any CPU
		{28AF4F6F-2E86-4724-B729-A4856BEB0303}.Release|Any CPU.ActiveCfg = Release|Any CPU
		{28AF4F6F-2E86-4724-B729-A4856BEB0303}.Release|Any CPU.Build.0 = Release|Any CPU
		{516E6A5D-0CFD-4C29-893A-7B15ED1C1FD5}.Debug|Any CPU.ActiveCfg = Debug|Any CPU
		{516E6A5D-0CFD-4C29-893A-7B15ED1C1FD5}.Debug|Any CPU.Build.0 = Debug|Any CPU
		{516E6A5D-0CFD-4C29-893A-7B15ED1C1FD5}.Release|Any CPU.ActiveCfg = Release|Any CPU
		{516E6A5D-0CFD-4C29-893A-7B15ED1C1FD5}.Release|Any CPU.Build.0 = Release|Any CPU
		{2DEEAF1C-5F88-4C3C-9790-F2AD1366ECB4}.Debug|Any CPU.ActiveCfg = Debug|Any CPU
		{2DEEAF1C-5F88-4C3C-9790-F2AD1366ECB4}.Debug|Any CPU.Build.0 = Debug|Any CPU
		{2DEEAF1C-5F88-4C3C-9790-F2AD1366ECB4}.Release|Any CPU.ActiveCfg = Release|Any CPU
		{2DEEAF1C-5F88-4C3C-9790-F2AD1366ECB4}.Release|Any CPU.Build.0 = Release|Any CPU
		{3BD58601-2AC9-4BFE-9572-214E9607438E}.Debug|Any CPU.ActiveCfg = Debug|Any CPU
		{3BD58601-2AC9-4BFE-9572-214E9607438E}.Debug|Any CPU.Build.0 = Debug|Any CPU
		{3BD58601-2AC9-4BFE-9572-214E9607438E}.Release|Any CPU.ActiveCfg = Release|Any CPU
		{3BD58601-2AC9-4BFE-9572-214E9607438E}.Release|Any CPU.Build.0 = Release|Any CPU
		{C01CC4D1-F52F-4F62-9D79-B649DEC17BA8}.Debug|Any CPU.ActiveCfg = Debug|Any CPU
		{C01CC4D1-F52F-4F62-9D79-B649DEC17BA8}.Debug|Any CPU.Build.0 = Debug|Any CPU
		{C01CC4D1-F52F-4F62-9D79-B649DEC17BA8}.Release|Any CPU.ActiveCfg = Release|Any CPU
		{C01CC4D1-F52F-4F62-9D79-B649DEC17BA8}.Release|Any CPU.Build.0 = Release|Any CPU
		{6DFC1BAE-5700-4FA2-85B1-3AF5BBB505C9}.Debug|Any CPU.ActiveCfg = Debug|Any CPU
		{6DFC1BAE-5700-4FA2-85B1-3AF5BBB505C9}.Debug|Any CPU.Build.0 = Debug|Any CPU
		{6DFC1BAE-5700-4FA2-85B1-3AF5BBB505C9}.Release|Any CPU.ActiveCfg = Release|Any CPU
		{6DFC1BAE-5700-4FA2-85B1-3AF5BBB505C9}.Release|Any CPU.Build.0 = Release|Any CPU
	EndGlobalSection
	GlobalSection(SolutionProperties) = preSolution
		HideSolutionNode = FALSE
	EndGlobalSection
	GlobalSection(ExtensibilityGlobals) = postSolution
		SolutionGuid = {043F564E-E976-4E8F-88D9-34282AD1014B}
	EndGlobalSection
EndGlobal
