
Microsoft Visual Studio Solution File, Format Version 12.00
# Visual Studio Version 16
VisualStudioVersion = 16.0.30114.105
MinimumVisualStudioVersion = 10.0.40219.1
Project("{9A19103F-16F7-4668-BE54-9A1E7A4F7556}") = "Theatre Promotions", "Theatre Promotions\Theatre Promotions.csproj", "{ACA4142D-0CB1-488D-B0F9-BF65A5AB88E9}"
EndProject
Project("{9A19103F-16F7-4668-BE54-9A1E7A4F7556}") = "Student Information", "Student Information\Student Information.csproj", "{555AB0F0-06A9-4D51-B011-BE83D68540EA}"
EndProject
Project("{9A19103F-16F7-4668-BE54-9A1E7A4F7556}") = "Passed", "Passed\Passed.csproj", "{E6D6E174-F00A-415F-937D-6C52618206E3}"
EndProject
Project("{9A19103F-16F7-4668-BE54-9A1E7A4F7556}") = "Passed or Failed", "Passed or Failed\Passed or Failed.csproj", "{1087E920-7497-4234-B175-51F76670F13A}"
EndProject
Project("{9A19103F-16F7-4668-BE54-9A1E7A4F7556}") = "Back In 30 Minutes", "Back In 30 Minutes\Back In 30 Minutes.csproj", "{AF1EE37B-351D-4438-ADCD-0B5AD5DC0F6A}"
EndProject
Project("{9A19103F-16F7-4668-BE54-9A1E7A4F7556}") = "Month Printer", "Month Printer\Month Printer.csproj", "{D9E849A1-A074-4266-B483-D412CBE0B6E2}"
EndProject
Project("{9A19103F-16F7-4668-BE54-9A1E7A4F7556}") = "Foreign Languages", "Foreign Languages\Foreign Languages.csproj", "{32455E3E-753C-4AC4-87B2-223ED07D5114}"
EndProject
Project("{9A19103F-16F7-4668-BE54-9A1E7A4F7556}") = "Divisible by 3", "Divisible by 3\Divisible by 3.csproj", "{1B0A1604-E546-4EC9-8FCB-5C8546D95DBF}"
EndProject
Project("{9A19103F-16F7-4668-BE54-9A1E7A4F7556}") = "Sum of Odd Numbers", "Sum of Odd Numbers\Sum of Odd Numbers.csproj", "{6B6B451B-5266-4A3F-9064-48F1F591E9CB}"
EndProject
Project("{9A19103F-16F7-4668-BE54-9A1E7A4F7556}") = "Multiplication Table", "Multiplication Table\Multiplication Table.csproj", "{139A7721-2D2E-4334-8F9E-C3206E5EFDF1}"
EndProject
Project("{9A19103F-16F7-4668-BE54-9A1E7A4F7556}") = "Multiplication Table 2.0", "Multiplication Table 2.0\Multiplication Table 2.0.csproj", "{3E584DF7-46F5-454A-BFA8-3E328F779DCA}"
EndProject
Project("{FAE04EC0-301F-11D3-BF4B-00C04F79EFBC}") = "Even Number", "Even Number\Even Number.csproj", "{ADD09E77-77F1-47DE-A2AF-A4B11FC99765}"
EndProject
Global
	GlobalSection(SolutionConfigurationPlatforms) = preSolution
		Debug|Any CPU = Debug|Any CPU
		Release|Any CPU = Release|Any CPU
	EndGlobalSection
	GlobalSection(ProjectConfigurationPlatforms) = postSolution
		{ACA4142D-0CB1-488D-B0F9-BF65A5AB88E9}.Debug|Any CPU.ActiveCfg = Debug|Any CPU
		{ACA4142D-0CB1-488D-B0F9-BF65A5AB88E9}.Debug|Any CPU.Build.0 = Debug|Any CPU
		{ACA4142D-0CB1-488D-B0F9-BF65A5AB88E9}.Release|Any CPU.ActiveCfg = Release|Any CPU
		{ACA4142D-0CB1-488D-B0F9-BF65A5AB88E9}.Release|Any CPU.Build.0 = Release|Any CPU
		{555AB0F0-06A9-4D51-B011-BE83D68540EA}.Debug|Any CPU.ActiveCfg = Debug|Any CPU
		{555AB0F0-06A9-4D51-B011-BE83D68540EA}.Debug|Any CPU.Build.0 = Debug|Any CPU
		{555AB0F0-06A9-4D51-B011-BE83D68540EA}.Release|Any CPU.ActiveCfg = Release|Any CPU
		{555AB0F0-06A9-4D51-B011-BE83D68540EA}.Release|Any CPU.Build.0 = Release|Any CPU
		{E6D6E174-F00A-415F-937D-6C52618206E3}.Debug|Any CPU.ActiveCfg = Debug|Any CPU
		{E6D6E174-F00A-415F-937D-6C52618206E3}.Debug|Any CPU.Build.0 = Debug|Any CPU
		{E6D6E174-F00A-415F-937D-6C52618206E3}.Release|Any CPU.ActiveCfg = Release|Any CPU
		{E6D6E174-F00A-415F-937D-6C52618206E3}.Release|Any CPU.Build.0 = Release|Any CPU
		{1087E920-7497-4234-B175-51F76670F13A}.Debug|Any CPU.ActiveCfg = Debug|Any CPU
		{1087E920-7497-4234-B175-51F76670F13A}.Debug|Any CPU.Build.0 = Debug|Any CPU
		{1087E920-7497-4234-B175-51F76670F13A}.Release|Any CPU.ActiveCfg = Release|Any CPU
		{1087E920-7497-4234-B175-51F76670F13A}.Release|Any CPU.Build.0 = Release|Any CPU
		{AF1EE37B-351D-4438-ADCD-0B5AD5DC0F6A}.Debug|Any CPU.ActiveCfg = Debug|Any CPU
		{AF1EE37B-351D-4438-ADCD-0B5AD5DC0F6A}.Debug|Any CPU.Build.0 = Debug|Any CPU
		{AF1EE37B-351D-4438-ADCD-0B5AD5DC0F6A}.Release|Any CPU.ActiveCfg = Release|Any CPU
		{AF1EE37B-351D-4438-ADCD-0B5AD5DC0F6A}.Release|Any CPU.Build.0 = Release|Any CPU
		{D9E849A1-A074-4266-B483-D412CBE0B6E2}.Debug|Any CPU.ActiveCfg = Debug|Any CPU
		{D9E849A1-A074-4266-B483-D412CBE0B6E2}.Debug|Any CPU.Build.0 = Debug|Any CPU
		{D9E849A1-A074-4266-B483-D412CBE0B6E2}.Release|Any CPU.ActiveCfg = Release|Any CPU
		{D9E849A1-A074-4266-B483-D412CBE0B6E2}.Release|Any CPU.Build.0 = Release|Any CPU
		{32455E3E-753C-4AC4-87B2-223ED07D5114}.Debug|Any CPU.ActiveCfg = Debug|Any CPU
		{32455E3E-753C-4AC4-87B2-223ED07D5114}.Debug|Any CPU.Build.0 = Debug|Any CPU
		{32455E3E-753C-4AC4-87B2-223ED07D5114}.Release|Any CPU.ActiveCfg = Release|Any CPU
		{32455E3E-753C-4AC4-87B2-223ED07D5114}.Release|Any CPU.Build.0 = Release|Any CPU
		{1B0A1604-E546-4EC9-8FCB-5C8546D95DBF}.Debug|Any CPU.ActiveCfg = Debug|Any CPU
		{1B0A1604-E546-4EC9-8FCB-5C8546D95DBF}.Debug|Any CPU.Build.0 = Debug|Any CPU
		{1B0A1604-E546-4EC9-8FCB-5C8546D95DBF}.Release|Any CPU.ActiveCfg = Release|Any CPU
		{1B0A1604-E546-4EC9-8FCB-5C8546D95DBF}.Release|Any CPU.Build.0 = Release|Any CPU
		{6B6B451B-5266-4A3F-9064-48F1F591E9CB}.Debug|Any CPU.ActiveCfg = Debug|Any CPU
		{6B6B451B-5266-4A3F-9064-48F1F591E9CB}.Debug|Any CPU.Build.0 = Debug|Any CPU
		{6B6B451B-5266-4A3F-9064-48F1F591E9CB}.Release|Any CPU.ActiveCfg = Release|Any CPU
		{6B6B451B-5266-4A3F-9064-48F1F591E9CB}.Release|Any CPU.Build.0 = Release|Any CPU
		{139A7721-2D2E-4334-8F9E-C3206E5EFDF1}.Debug|Any CPU.ActiveCfg = Debug|Any CPU
		{139A7721-2D2E-4334-8F9E-C3206E5EFDF1}.Debug|Any CPU.Build.0 = Debug|Any CPU
		{139A7721-2D2E-4334-8F9E-C3206E5EFDF1}.Release|Any CPU.ActiveCfg = Release|Any CPU
		{139A7721-2D2E-4334-8F9E-C3206E5EFDF1}.Release|Any CPU.Build.0 = Release|Any CPU
		{3E584DF7-46F5-454A-BFA8-3E328F779DCA}.Debug|Any CPU.ActiveCfg = Debug|Any CPU
		{3E584DF7-46F5-454A-BFA8-3E328F779DCA}.Debug|Any CPU.Build.0 = Debug|Any CPU
		{3E584DF7-46F5-454A-BFA8-3E328F779DCA}.Release|Any CPU.ActiveCfg = Release|Any CPU
		{3E584DF7-46F5-454A-BFA8-3E328F779DCA}.Release|Any CPU.Build.0 = Release|Any CPU
		{ADD09E77-77F1-47DE-A2AF-A4B11FC99765}.Debug|Any CPU.ActiveCfg = Debug|Any CPU
		{ADD09E77-77F1-47DE-A2AF-A4B11FC99765}.Debug|Any CPU.Build.0 = Debug|Any CPU
		{ADD09E77-77F1-47DE-A2AF-A4B11FC99765}.Release|Any CPU.ActiveCfg = Release|Any CPU
		{ADD09E77-77F1-47DE-A2AF-A4B11FC99765}.Release|Any CPU.Build.0 = Release|Any CPU
	EndGlobalSection
	GlobalSection(SolutionProperties) = preSolution
		HideSolutionNode = FALSE
	EndGlobalSection
	GlobalSection(ExtensibilityGlobals) = postSolution
		SolutionGuid = {D3BBEA8F-48E2-417C-94C8-3043CBE5E04A}
	EndGlobalSection
EndGlobal
